
Microsoft Visual Studio Solution File, Format Version 12.00
# Visual Studio 15
Project("{FAE04EC0-301F-11D3-BF4B-00C04F79EFBC}") = "Root", "Root.csproj", "{12A77C03-646E-8788-8AF7-D2AE48B7DBB7}"
EndProject
Project("{FAE04EC0-301F-11D3-BF4B-00C04F79EFBC}") = "Banzai.Json", "Banzai.Json.csproj", "{BB498AFC-F9E2-2904-A6C6-3CD4DD3577C7}"
EndProject
Project("{FAE04EC0-301F-11D3-BF4B-00C04F79EFBC}") = "DOTween.Modules", "DOTween.Modules.csproj", "{8D92E404-D747-D4E5-541C-C2C1E2AA95EE}"
EndProject
Project("{FAE04EC0-301F-11D3-BF4B-00C04F79EFBC}") = "Banzai.Routiner", "Banzai.Routiner.csproj", "{DD87D470-193B-726F-5204-83E93649F066}"
EndProject
Project("{FAE04EC0-301F-11D3-BF4B-00C04F79EFBC}") = "Assembly-CSharp-Editor", "Assembly-CSharp-Editor.csproj", "{39C60621-B975-6239-14EA-4169B5614D28}"
EndProject
Global
	GlobalSection(SolutionConfigurationPlatforms) = preSolution
		Debug|Any CPU = Debug|Any CPU
		Release|Any CPU = Release|Any CPU
	EndGlobalSection
	GlobalSection(ProjectConfigurationPlatforms) = postSolution
		{12A77C03-646E-8788-8AF7-D2AE48B7DBB7}.Debug|Any CPU.ActiveCfg = Debug|Any CPU
		{12A77C03-646E-8788-8AF7-D2AE48B7DBB7}.Debug|Any CPU.Build.0 = Debug|Any CPU
		{12A77C03-646E-8788-8AF7-D2AE48B7DBB7}.Release|Any CPU.ActiveCfg = Release|Any CPU
		{12A77C03-646E-8788-8AF7-D2AE48B7DBB7}.Release|Any CPU.Build.0 = Release|Any CPU
		{BB498AFC-F9E2-2904-A6C6-3CD4DD3577C7}.Debug|Any CPU.ActiveCfg = Debug|Any CPU
		{BB498AFC-F9E2-2904-A6C6-3CD4DD3577C7}.Debug|Any CPU.Build.0 = Debug|Any CPU
		{BB498AFC-F9E2-2904-A6C6-3CD4DD3577C7}.Release|Any CPU.ActiveCfg = Release|Any CPU
		{BB498AFC-F9E2-2904-A6C6-3CD4DD3577C7}.Release|Any CPU.Build.0 = Release|Any CPU
		{8D92E404-D747-D4E5-541C-C2C1E2AA95EE}.Debug|Any CPU.ActiveCfg = Debug|Any CPU
		{8D92E404-D747-D4E5-541C-C2C1E2AA95EE}.Debug|Any CPU.Build.0 = Debug|Any CPU
		{8D92E404-D747-D4E5-541C-C2C1E2AA95EE}.Release|Any CPU.ActiveCfg = Release|Any CPU
		{8D92E404-D747-D4E5-541C-C2C1E2AA95EE}.Release|Any CPU.Build.0 = Release|Any CPU
		{DD87D470-193B-726F-5204-83E93649F066}.Debug|Any CPU.ActiveCfg = Debug|Any CPU
		{DD87D470-193B-726F-5204-83E93649F066}.Debug|Any CPU.Build.0 = Debug|Any CPU
		{DD87D470-193B-726F-5204-83E93649F066}.Release|Any CPU.ActiveCfg = Release|Any CPU
		{DD87D470-193B-726F-5204-83E93649F066}.Release|Any CPU.Build.0 = Release|Any CPU
		{39C60621-B975-6239-14EA-4169B5614D28}.Debug|Any CPU.ActiveCfg = Debug|Any CPU
		{39C60621-B975-6239-14EA-4169B5614D28}.Debug|Any CPU.Build.0 = Debug|Any CPU
		{39C60621-B975-6239-14EA-4169B5614D28}.Release|Any CPU.ActiveCfg = Release|Any CPU
		{39C60621-B975-6239-14EA-4169B5614D28}.Release|Any CPU.Build.0 = Release|Any CPU
	EndGlobalSection
	GlobalSection(SolutionProperties) = preSolution
		HideSolutionNode = FALSE
	EndGlobalSection
EndGlobal
