
Microsoft Visual Studio Solution File, Format Version 11.00
# Visual Studio 2010
Project("{FAE04EC0-301F-11D3-BF4B-00C04F79EFBC}") = "Unity.Timeline", "Unity.Timeline.csproj", "{4f687393-9b04-35db-0606-3b27ae10c72d}"
EndProject
Project("{FAE04EC0-301F-11D3-BF4B-00C04F79EFBC}") = "Unity.PlasticSCM.Editor", "Unity.PlasticSCM.Editor.csproj", "{2272939a-7b64-4c7a-ec1c-8b3a368e02dd}"
EndProject
Project("{FAE04EC0-301F-11D3-BF4B-00C04F79EFBC}") = "Unity.InputSystem", "Unity.InputSystem.csproj", "{6a4bbbcc-b3ee-ca48-18a8-934892954992}"
EndProject
Project("{FAE04EC0-301F-11D3-BF4B-00C04F79EFBC}") = "Unity.Services.Core.Internal", "Unity.Services.Core.Internal.csproj", "{a3df226b-e597-8427-ef74-a34e1c3bff54}"
EndProject
Project("{FAE04EC0-301F-11D3-BF4B-00C04F79EFBC}") = "Unity.Timeline.Editor", "Unity.Timeline.Editor.csproj", "{6d45b5df-f689-edd7-cf6c-92e82c33aa54}"
EndProject
Project("{FAE04EC0-301F-11D3-BF4B-00C04F79EFBC}") = "UnityEditor.Purchasing", "UnityEditor.Purchasing.csproj", "{a7265817-ba82-ae75-61cc-10db4097b4f4}"
EndProject
Project("{FAE04EC0-301F-11D3-BF4B-00C04F79EFBC}") = "UnityEngine.Purchasing.Stores", "UnityEngine.Purchasing.Stores.csproj", "{4b7936e1-fd77-6964-8b46-9747f348029d}"
EndProject
Project("{FAE04EC0-301F-11D3-BF4B-00C04F79EFBC}") = "Assembly-CSharp", "Assembly-CSharp.csproj", "{750b131f-b10f-e320-e7c2-673081ea3c42}"
EndProject
Project("{FAE04EC0-301F-11D3-BF4B-00C04F79EFBC}") = "Unity.Notifications.iOS", "Unity.Notifications.iOS.csproj", "{6630af96-2fd0-2fdc-9c0a-6d6ca7aee216}"
EndProject
Project("{FAE04EC0-301F-11D3-BF4B-00C04F79EFBC}") = "Unity.Services.Core.Environments.Editor", "Unity.Services.Core.Environments.Editor.csproj", "{0ac43460-ae0a-33fe-5681-f2741e8f3d40}"
EndProject
Project("{FAE04EC0-301F-11D3-BF4B-00C04F79EFBC}") = "UnityEngine.Purchasing", "UnityEngine.Purchasing.csproj", "{e3812f71-bfc7-5b04-163e-0636d52d594b}"
EndProject
Project("{FAE04EC0-301F-11D3-BF4B-00C04F79EFBC}") = "Unity.AI.Navigation.Editor", "Unity.AI.Navigation.Editor.csproj", "{b2ce8d1f-b4cf-6dc2-a387-32ce078a3053}"
EndProject
Project("{FAE04EC0-301F-11D3-BF4B-00C04F79EFBC}") = "Unity.VisualStudio.Editor", "Unity.VisualStudio.Editor.csproj", "{b623ecac-43d0-4c54-11f1-082d9d8e9392}"
EndProject
Project("{FAE04EC0-301F-11D3-BF4B-00C04F79EFBC}") = "IAPResolver", "IAPResolver.csproj", "{bb8d929a-74a1-a94c-5bec-bbeda7225339}"
EndProject
Project("{FAE04EC0-301F-11D3-BF4B-00C04F79EFBC}") = "Unity.Rider.Editor", "Unity.Rider.Editor.csproj", "{09b01f6e-54cf-716d-ee21-39152be5adce}"
EndProject
Project("{FAE04EC0-301F-11D3-BF4B-00C04F79EFBC}") = "Unity.Notifications.Android", "Unity.Notifications.Android.csproj", "{a9774e48-4d9f-3ae3-7dff-365c55b1b1db}"
EndProject
Project("{FAE04EC0-301F-11D3-BF4B-00C04F79EFBC}") = "Unity.Services.Core.Configuration", "Unity.Services.Core.Configuration.csproj", "{01048d64-7133-334a-fb1b-70230c951b53}"
EndProject
Project("{FAE04EC0-301F-11D3-BF4B-00C04F79EFBC}") = "Unity.AI.Navigation.Editor.ConversionSystem", "Unity.AI.Navigation.Editor.ConversionSystem.csproj", "{2176c9d7-67fe-f25f-c7d7-6e2f58899092}"
EndProject
Project("{FAE04EC0-301F-11D3-BF4B-00C04F79EFBC}") = "Unity.Services.Core.Editor", "Unity.Services.Core.Editor.csproj", "{5dba57f1-9012-02d7-21e5-8fc6418d9067}"
EndProject
Project("{FAE04EC0-301F-11D3-BF4B-00C04F79EFBC}") = "Unity.Services.Core.Configuration.Editor", "Unity.Services.Core.Configuration.Editor.csproj", "{280b29b5-e062-acf7-b014-b473f03d73bd}"
EndProject
Project("{FAE04EC0-301F-11D3-BF4B-00C04F79EFBC}") = "Unity.Services.Core", "Unity.Services.Core.csproj", "{4402a5bd-f999-ca3f-27cc-317af845d68b}"
EndProject
Project("{FAE04EC0-301F-11D3-BF4B-00C04F79EFBC}") = "Unity.AI.Navigation", "Unity.AI.Navigation.csproj", "{db69826b-1729-4b0c-36c5-05c1d9363f30}"
EndProject
Project("{FAE04EC0-301F-11D3-BF4B-00C04F79EFBC}") = "UnityEngine.Purchasing.AppleMacosStub", "UnityEngine.Purchasing.AppleMacosStub.csproj", "{c5209979-f3c6-1eba-0f5a-21184e51541f}"
EndProject
Project("{FAE04EC0-301F-11D3-BF4B-00C04F79EFBC}") = "Unity.AI.Navigation.Updater", "Unity.AI.Navigation.Updater.csproj", "{c599e904-9f59-e9e1-4f7c-611b861adc74}"
EndProject
Project("{FAE04EC0-301F-11D3-BF4B-00C04F79EFBC}") = "UnityEngine.Purchasing.Codeless", "UnityEngine.Purchasing.Codeless.csproj", "{92069ee2-9bf1-3394-86a8-90d843205f41}"
EndProject
Project("{FAE04EC0-301F-11D3-BF4B-00C04F79EFBC}") = "DOTween.Modules", "DOTween.Modules.csproj", "{04e4928d-47d7-e5d4-541c-c2c1e2aa95ee}"
EndProject
Project("{FAE04EC0-301F-11D3-BF4B-00C04F79EFBC}") = "Unity.Notifications", "Unity.Notifications.csproj", "{65147bb7-0c7b-1a5d-4763-9ae25fde7e02}"
EndProject
Project("{FAE04EC0-301F-11D3-BF4B-00C04F79EFBC}") = "Unity.InputSystem.DocCodeSamples", "Unity.InputSystem.DocCodeSamples.csproj", "{e1a886a8-00ed-5214-5645-f9cde79b47a7}"
EndProject
Project("{FAE04EC0-301F-11D3-BF4B-00C04F79EFBC}") = "UnityEngine.Purchasing.WinRTStub", "UnityEngine.Purchasing.WinRTStub.csproj", "{95360471-2733-3c71-6e5d-42dff2608120}"
EndProject
Project("{FAE04EC0-301F-11D3-BF4B-00C04F79EFBC}") = "Assembly-CSharp-Editor", "Assembly-CSharp-Editor.csproj", "{2106c639-75b9-3962-14ea-4169b5614d28}"
EndProject
Project("{FAE04EC0-301F-11D3-BF4B-00C04F79EFBC}") = "Banzai.Json", "Banzai.Json.csproj", "{fc8a49bb-e2f9-0429-a6c6-3cd4dd3577c7}"
EndProject
Project("{FAE04EC0-301F-11D3-BF4B-00C04F79EFBC}") = "Unity.Services.Core.Analytics", "Unity.Services.Core.Analytics.csproj", "{c441b63f-90eb-cffc-1b0e-ed8c5c8a7f40}"
EndProject
Project("{FAE04EC0-301F-11D3-BF4B-00C04F79EFBC}") = "Unity.Services.Core.Environments.Internal", "Unity.Services.Core.Environments.Internal.csproj", "{26a55a61-8f27-acdc-08b3-d9f15da43903}"
EndProject
Project("{FAE04EC0-301F-11D3-BF4B-00C04F79EFBC}") = "Unity.Notifications.Unified", "Unity.Notifications.Unified.csproj", "{06a68431-76ed-8059-b337-fbdc7a3bbd32}"
EndProject
Project("{FAE04EC0-301F-11D3-BF4B-00C04F79EFBC}") = "Unity.InputSystem.ForUI", "Unity.InputSystem.ForUI.csproj", "{8cd88bf2-0a52-00ab-a91a-eeeba68dad8e}"
EndProject
Project("{FAE04EC0-301F-11D3-BF4B-00C04F79EFBC}") = "Unity.Services.Core.Networking", "Unity.Services.Core.Networking.csproj", "{1fb7da9d-2c92-17ea-7aa7-6a61c49faf52}"
EndProject
Project("{FAE04EC0-301F-11D3-BF4B-00C04F79EFBC}") = "Unity.Services.Core.Scheduler", "Unity.Services.Core.Scheduler.csproj", "{182be518-3b9a-9af1-d9d6-1bc05aed23dd}"
EndProject
Project("{FAE04EC0-301F-11D3-BF4B-00C04F79EFBC}") = "UnityEngine.Purchasing.SecurityCore", "UnityEngine.Purchasing.SecurityCore.csproj", "{21db85b9-6839-72cb-e006-7a0061dcc8ef}"
EndProject
Project("{FAE04EC0-301F-11D3-BF4B-00C04F79EFBC}") = "Unity.Services.Core.Telemetry", "Unity.Services.Core.Telemetry.csproj", "{fb36a4f9-35f3-e06c-d1ec-ffe8e81608b5}"
EndProject
Project("{FAE04EC0-301F-11D3-BF4B-00C04F79EFBC}") = "Unity.CollabProxy.Editor", "Unity.CollabProxy.Editor.csproj", "{7b31d350-41e0-8c5f-1b5f-a5dbbfd9c15b}"
EndProject
Project("{FAE04EC0-301F-11D3-BF4B-00C04F79EFBC}") = "Unity.Services.Core.Components", "Unity.Services.Core.Components.csproj", "{46f13930-a6ab-a895-ca3e-4322c7dfbc30}"
EndProject
Project("{FAE04EC0-301F-11D3-BF4B-00C04F79EFBC}") = "UnityEngine.Purchasing.WinRTCore", "UnityEngine.Purchasing.WinRTCore.csproj", "{0ac4fc54-e3ae-0a4f-5123-5e91e18b1d1d}"
EndProject
Project("{FAE04EC0-301F-11D3-BF4B-00C04F79EFBC}") = "Purchasing.Common", "Purchasing.Common.csproj", "{97238591-aac9-5703-0c71-f896851c3316}"
EndProject
Project("{FAE04EC0-301F-11D3-BF4B-00C04F79EFBC}") = "Unity.Services.Core.Threading", "Unity.Services.Core.Threading.csproj", "{65d4f33e-599b-3a27-5dae-9a2e717d10a3}"
EndProject
Project("{FAE04EC0-301F-11D3-BF4B-00C04F79EFBC}") = "Unity.InputSystem.TestFramework", "Unity.InputSystem.TestFramework.csproj", "{788842ad-ae8c-7e49-8e4b-ca924788de0c}"
EndProject
Project("{FAE04EC0-301F-11D3-BF4B-00C04F79EFBC}") = "Unity.Services.Core.Device", "Unity.Services.Core.Device.csproj", "{f252b61c-22f7-8d91-c7be-f129de6243e2}"
EndProject
Project("{FAE04EC0-301F-11D3-BF4B-00C04F79EFBC}") = "UnityEngine.Purchasing.AppleCore", "UnityEngine.Purchasing.AppleCore.csproj", "{96b9ab41-0a8e-c6eb-6810-ab4ba95345e1}"
EndProject
Project("{FAE04EC0-301F-11D3-BF4B-00C04F79EFBC}") = "UnityEngine.Purchasing.AppleStub", "UnityEngine.Purchasing.AppleStub.csproj", "{93baab8b-a95d-e149-5377-56771ee1bf73}"
EndProject
Project("{FAE04EC0-301F-11D3-BF4B-00C04F79EFBC}") = "UnityEngine.Purchasing.SecurityStub", "UnityEngine.Purchasing.SecurityStub.csproj", "{b4bb3811-5c22-f29e-9627-b11fbabcada5}"
EndProject
Project("{FAE04EC0-301F-11D3-BF4B-00C04F79EFBC}") = "Unity.PlasticSCM.Editor.Entities", "Unity.PlasticSCM.Editor.Entities.csproj", "{101100dc-ebc7-62d7-e69d-0d274dddb517}"
EndProject
Project("{FAE04EC0-301F-11D3-BF4B-00C04F79EFBC}") = "Unity.Services.Core.Registration", "Unity.Services.Core.Registration.csproj", "{02c3a099-dc18-7779-b4e8-fa3cbdb991a8}"
EndProject
Project("{FAE04EC0-301F-11D3-BF4B-00C04F79EFBC}") = "Unity.Services.Core.Environments", "Unity.Services.Core.Environments.csproj", "{5e521c27-3933-df96-8240-f2c4577bd58c}"
EndProject
Project("{FAE04EC0-301F-11D3-BF4B-00C04F79EFBC}") = "Banzai.Routiner", "Banzai.Routiner.csproj", "{70d487dd-3b19-6f72-5204-83e93649f066}"
EndProject
Project("{FAE04EC0-301F-11D3-BF4B-00C04F79EFBC}") = "UnityEngine.Purchasing.WinRT", "UnityEngine.Purchasing.WinRT.csproj", "{26038c9f-9b2d-e12a-25c4-67963c9416d3}"
EndProject
Project("{FAE04EC0-301F-11D3-BF4B-00C04F79EFBC}") = "UnityEngine.Purchasing.Apple", "UnityEngine.Purchasing.Apple.csproj", "{4b1eb09d-5c94-98a3-bb36-7e95a6f706c5}"
EndProject
Project("{FAE04EC0-301F-11D3-BF4B-00C04F79EFBC}") = "Unity.Notifications.Tests", "Unity.Notifications.Tests.csproj", "{3937450a-95d3-79ab-fbdd-d6c1c3314805}"
EndProject
Project("{FAE04EC0-301F-11D3-BF4B-00C04F79EFBC}") = "UnityEngine.Purchasing.Security", "UnityEngine.Purchasing.Security.csproj", "{073180c0-b215-2fe1-016e-3db5e2908cbe}"
EndProject
Project("{FAE04EC0-301F-11D3-BF4B-00C04F79EFBC}") = "UnityEngine.Purchasing.AppleMacos", "UnityEngine.Purchasing.AppleMacos.csproj", "{959042e8-8456-afd8-ceb5-3981c55957cb}"
EndProject
Project("{FAE04EC0-301F-11D3-BF4B-00C04F79EFBC}") = "DocCodeExamples", "DocCodeExamples.csproj", "{ee2ad9cd-3c4b-bcd7-52ce-1320546275e5}"
EndProject
Project("{FAE04EC0-301F-11D3-BF4B-00C04F79EFBC}") = "Unity.Android.Notifications.Tests", "Unity.Android.Notifications.Tests.csproj", "{3c970bc3-c405-19d1-0b53-310764553ff1}"
EndProject
Project("{FAE04EC0-301F-11D3-BF4B-00C04F79EFBC}") = "Unity.iOS.Notifications.Tests", "Unity.iOS.Notifications.Tests.csproj", "{c09c10f0-c586-d824-96a4-9655c077f7f6}"
EndProject
Project("{FAE04EC0-301F-11D3-BF4B-00C04F79EFBC}") = "Unity.InputSystem.IntegrationTests", "Unity.InputSystem.IntegrationTests.csproj", "{11ce6cc7-b068-8171-d432-a631dbdc8d6a}"
EndProject
Project("{FAE04EC0-301F-11D3-BF4B-00C04F79EFBC}") = "Unity.Notifications.Unified.Tests", "Unity.Notifications.Unified.Tests.csproj", "{08e5ea68-81bf-c7f3-fe42-8fa1ef682c6b}"
EndProject
Project("{FAE04EC0-301F-11D3-BF4B-00C04F79EFBC}") = "Assembly-CSharp-firstpass", "Assembly-CSharp-firstpass.csproj", "{3b670e43-777e-4231-8b21-ad1b8d94a7ec}"
EndProject
Global
	GlobalSection(SolutionConfigurationPlatforms) = preSolution
		Debug|Any CPU = Debug|Any CPU
	EndGlobalSection
	GlobalSection(ProjectConfigurationPlatforms) = postSolution
		{4f687393-9b04-35db-0606-3b27ae10c72d}.Debug|Any CPU.ActiveCfg = Debug|Any CPU
		{4f687393-9b04-35db-0606-3b27ae10c72d}.Debug|Any CPU.Build.0 = Debug|Any CPU
		{2272939a-7b64-4c7a-ec1c-8b3a368e02dd}.Debug|Any CPU.ActiveCfg = Debug|Any CPU
		{2272939a-7b64-4c7a-ec1c-8b3a368e02dd}.Debug|Any CPU.Build.0 = Debug|Any CPU
		{6a4bbbcc-b3ee-ca48-18a8-934892954992}.Debug|Any CPU.ActiveCfg = Debug|Any CPU
		{6a4bbbcc-b3ee-ca48-18a8-934892954992}.Debug|Any CPU.Build.0 = Debug|Any CPU
		{a3df226b-e597-8427-ef74-a34e1c3bff54}.Debug|Any CPU.ActiveCfg = Debug|Any CPU
		{a3df226b-e597-8427-ef74-a34e1c3bff54}.Debug|Any CPU.Build.0 = Debug|Any CPU
		{6d45b5df-f689-edd7-cf6c-92e82c33aa54}.Debug|Any CPU.ActiveCfg = Debug|Any CPU
		{6d45b5df-f689-edd7-cf6c-92e82c33aa54}.Debug|Any CPU.Build.0 = Debug|Any CPU
		{a7265817-ba82-ae75-61cc-10db4097b4f4}.Debug|Any CPU.ActiveCfg = Debug|Any CPU
		{a7265817-ba82-ae75-61cc-10db4097b4f4}.Debug|Any CPU.Build.0 = Debug|Any CPU
		{4b7936e1-fd77-6964-8b46-9747f348029d}.Debug|Any CPU.ActiveCfg = Debug|Any CPU
		{4b7936e1-fd77-6964-8b46-9747f348029d}.Debug|Any CPU.Build.0 = Debug|Any CPU
		{750b131f-b10f-e320-e7c2-673081ea3c42}.Debug|Any CPU.ActiveCfg = Debug|Any CPU
		{750b131f-b10f-e320-e7c2-673081ea3c42}.Debug|Any CPU.Build.0 = Debug|Any CPU
		{6630af96-2fd0-2fdc-9c0a-6d6ca7aee216}.Debug|Any CPU.ActiveCfg = Debug|Any CPU
		{6630af96-2fd0-2fdc-9c0a-6d6ca7aee216}.Debug|Any CPU.Build.0 = Debug|Any CPU
		{0ac43460-ae0a-33fe-5681-f2741e8f3d40}.Debug|Any CPU.ActiveCfg = Debug|Any CPU
		{0ac43460-ae0a-33fe-5681-f2741e8f3d40}.Debug|Any CPU.Build.0 = Debug|Any CPU
		{e3812f71-bfc7-5b04-163e-0636d52d594b}.Debug|Any CPU.ActiveCfg = Debug|Any CPU
		{e3812f71-bfc7-5b04-163e-0636d52d594b}.Debug|Any CPU.Build.0 = Debug|Any CPU
		{b2ce8d1f-b4cf-6dc2-a387-32ce078a3053}.Debug|Any CPU.ActiveCfg = Debug|Any CPU
		{b2ce8d1f-b4cf-6dc2-a387-32ce078a3053}.Debug|Any CPU.Build.0 = Debug|Any CPU
		{b623ecac-43d0-4c54-11f1-082d9d8e9392}.Debug|Any CPU.ActiveCfg = Debug|Any CPU
		{b623ecac-43d0-4c54-11f1-082d9d8e9392}.Debug|Any CPU.Build.0 = Debug|Any CPU
		{bb8d929a-74a1-a94c-5bec-bbeda7225339}.Debug|Any CPU.ActiveCfg = Debug|Any CPU
		{bb8d929a-74a1-a94c-5bec-bbeda7225339}.Debug|Any CPU.Build.0 = Debug|Any CPU
		{09b01f6e-54cf-716d-ee21-39152be5adce}.Debug|Any CPU.ActiveCfg = Debug|Any CPU
		{09b01f6e-54cf-716d-ee21-39152be5adce}.Debug|Any CPU.Build.0 = Debug|Any CPU
		{a9774e48-4d9f-3ae3-7dff-365c55b1b1db}.Debug|Any CPU.ActiveCfg = Debug|Any CPU
		{a9774e48-4d9f-3ae3-7dff-365c55b1b1db}.Debug|Any CPU.Build.0 = Debug|Any CPU
		{01048d64-7133-334a-fb1b-70230c951b53}.Debug|Any CPU.ActiveCfg = Debug|Any CPU
		{01048d64-7133-334a-fb1b-70230c951b53}.Debug|Any CPU.Build.0 = Debug|Any CPU
		{2176c9d7-67fe-f25f-c7d7-6e2f58899092}.Debug|Any CPU.ActiveCfg = Debug|Any CPU
		{2176c9d7-67fe-f25f-c7d7-6e2f58899092}.Debug|Any CPU.Build.0 = Debug|Any CPU
		{5dba57f1-9012-02d7-21e5-8fc6418d9067}.Debug|Any CPU.ActiveCfg = Debug|Any CPU
		{5dba57f1-9012-02d7-21e5-8fc6418d9067}.Debug|Any CPU.Build.0 = Debug|Any CPU
		{280b29b5-e062-acf7-b014-b473f03d73bd}.Debug|Any CPU.ActiveCfg = Debug|Any CPU
		{280b29b5-e062-acf7-b014-b473f03d73bd}.Debug|Any CPU.Build.0 = Debug|Any CPU
		{4402a5bd-f999-ca3f-27cc-317af845d68b}.Debug|Any CPU.ActiveCfg = Debug|Any CPU
		{4402a5bd-f999-ca3f-27cc-317af845d68b}.Debug|Any CPU.Build.0 = Debug|Any CPU
		{db69826b-1729-4b0c-36c5-05c1d9363f30}.Debug|Any CPU.ActiveCfg = Debug|Any CPU
		{db69826b-1729-4b0c-36c5-05c1d9363f30}.Debug|Any CPU.Build.0 = Debug|Any CPU
		{c5209979-f3c6-1eba-0f5a-21184e51541f}.Debug|Any CPU.ActiveCfg = Debug|Any CPU
		{c5209979-f3c6-1eba-0f5a-21184e51541f}.Debug|Any CPU.Build.0 = Debug|Any CPU
		{c599e904-9f59-e9e1-4f7c-611b861adc74}.Debug|Any CPU.ActiveCfg = Debug|Any CPU
		{c599e904-9f59-e9e1-4f7c-611b861adc74}.Debug|Any CPU.Build.0 = Debug|Any CPU
		{92069ee2-9bf1-3394-86a8-90d843205f41}.Debug|Any CPU.ActiveCfg = Debug|Any CPU
		{92069ee2-9bf1-3394-86a8-90d843205f41}.Debug|Any CPU.Build.0 = Debug|Any CPU
		{04e4928d-47d7-e5d4-541c-c2c1e2aa95ee}.Debug|Any CPU.ActiveCfg = Debug|Any CPU
		{04e4928d-47d7-e5d4-541c-c2c1e2aa95ee}.Debug|Any CPU.Build.0 = Debug|Any CPU
		{65147bb7-0c7b-1a5d-4763-9ae25fde7e02}.Debug|Any CPU.ActiveCfg = Debug|Any CPU
		{65147bb7-0c7b-1a5d-4763-9ae25fde7e02}.Debug|Any CPU.Build.0 = Debug|Any CPU
		{e1a886a8-00ed-5214-5645-f9cde79b47a7}.Debug|Any CPU.ActiveCfg = Debug|Any CPU
		{e1a886a8-00ed-5214-5645-f9cde79b47a7}.Debug|Any CPU.Build.0 = Debug|Any CPU
		{95360471-2733-3c71-6e5d-42dff2608120}.Debug|Any CPU.ActiveCfg = Debug|Any CPU
		{95360471-2733-3c71-6e5d-42dff2608120}.Debug|Any CPU.Build.0 = Debug|Any CPU
		{2106c639-75b9-3962-14ea-4169b5614d28}.Debug|Any CPU.ActiveCfg = Debug|Any CPU
		{2106c639-75b9-3962-14ea-4169b5614d28}.Debug|Any CPU.Build.0 = Debug|Any CPU
		{fc8a49bb-e2f9-0429-a6c6-3cd4dd3577c7}.Debug|Any CPU.ActiveCfg = Debug|Any CPU
		{fc8a49bb-e2f9-0429-a6c6-3cd4dd3577c7}.Debug|Any CPU.Build.0 = Debug|Any CPU
		{c441b63f-90eb-cffc-1b0e-ed8c5c8a7f40}.Debug|Any CPU.ActiveCfg = Debug|Any CPU
		{c441b63f-90eb-cffc-1b0e-ed8c5c8a7f40}.Debug|Any CPU.Build.0 = Debug|Any CPU
		{26a55a61-8f27-acdc-08b3-d9f15da43903}.Debug|Any CPU.ActiveCfg = Debug|Any CPU
		{26a55a61-8f27-acdc-08b3-d9f15da43903}.Debug|Any CPU.Build.0 = Debug|Any CPU
		{06a68431-76ed-8059-b337-fbdc7a3bbd32}.Debug|Any CPU.ActiveCfg = Debug|Any CPU
		{06a68431-76ed-8059-b337-fbdc7a3bbd32}.Debug|Any CPU.Build.0 = Debug|Any CPU
		{8cd88bf2-0a52-00ab-a91a-eeeba68dad8e}.Debug|Any CPU.ActiveCfg = Debug|Any CPU
		{8cd88bf2-0a52-00ab-a91a-eeeba68dad8e}.Debug|Any CPU.Build.0 = Debug|Any CPU
		{1fb7da9d-2c92-17ea-7aa7-6a61c49faf52}.Debug|Any CPU.ActiveCfg = Debug|Any CPU
		{1fb7da9d-2c92-17ea-7aa7-6a61c49faf52}.Debug|Any CPU.Build.0 = Debug|Any CPU
		{182be518-3b9a-9af1-d9d6-1bc05aed23dd}.Debug|Any CPU.ActiveCfg = Debug|Any CPU
		{182be518-3b9a-9af1-d9d6-1bc05aed23dd}.Debug|Any CPU.Build.0 = Debug|Any CPU
		{21db85b9-6839-72cb-e006-7a0061dcc8ef}.Debug|Any CPU.ActiveCfg = Debug|Any CPU
		{21db85b9-6839-72cb-e006-7a0061dcc8ef}.Debug|Any CPU.Build.0 = Debug|Any CPU
		{fb36a4f9-35f3-e06c-d1ec-ffe8e81608b5}.Debug|Any CPU.ActiveCfg = Debug|Any CPU
		{fb36a4f9-35f3-e06c-d1ec-ffe8e81608b5}.Debug|Any CPU.Build.0 = Debug|Any CPU
		{7b31d350-41e0-8c5f-1b5f-a5dbbfd9c15b}.Debug|Any CPU.ActiveCfg = Debug|Any CPU
		{7b31d350-41e0-8c5f-1b5f-a5dbbfd9c15b}.Debug|Any CPU.Build.0 = Debug|Any CPU
		{46f13930-a6ab-a895-ca3e-4322c7dfbc30}.Debug|Any CPU.ActiveCfg = Debug|Any CPU
		{46f13930-a6ab-a895-ca3e-4322c7dfbc30}.Debug|Any CPU.Build.0 = Debug|Any CPU
		{0ac4fc54-e3ae-0a4f-5123-5e91e18b1d1d}.Debug|Any CPU.ActiveCfg = Debug|Any CPU
		{0ac4fc54-e3ae-0a4f-5123-5e91e18b1d1d}.Debug|Any CPU.Build.0 = Debug|Any CPU
		{97238591-aac9-5703-0c71-f896851c3316}.Debug|Any CPU.ActiveCfg = Debug|Any CPU
		{97238591-aac9-5703-0c71-f896851c3316}.Debug|Any CPU.Build.0 = Debug|Any CPU
		{65d4f33e-599b-3a27-5dae-9a2e717d10a3}.Debug|Any CPU.ActiveCfg = Debug|Any CPU
		{65d4f33e-599b-3a27-5dae-9a2e717d10a3}.Debug|Any CPU.Build.0 = Debug|Any CPU
		{788842ad-ae8c-7e49-8e4b-ca924788de0c}.Debug|Any CPU.ActiveCfg = Debug|Any CPU
		{788842ad-ae8c-7e49-8e4b-ca924788de0c}.Debug|Any CPU.Build.0 = Debug|Any CPU
		{f252b61c-22f7-8d91-c7be-f129de6243e2}.Debug|Any CPU.ActiveCfg = Debug|Any CPU
		{f252b61c-22f7-8d91-c7be-f129de6243e2}.Debug|Any CPU.Build.0 = Debug|Any CPU
		{96b9ab41-0a8e-c6eb-6810-ab4ba95345e1}.Debug|Any CPU.ActiveCfg = Debug|Any CPU
		{96b9ab41-0a8e-c6eb-6810-ab4ba95345e1}.Debug|Any CPU.Build.0 = Debug|Any CPU
		{93baab8b-a95d-e149-5377-56771ee1bf73}.Debug|Any CPU.ActiveCfg = Debug|Any CPU
		{93baab8b-a95d-e149-5377-56771ee1bf73}.Debug|Any CPU.Build.0 = Debug|Any CPU
		{b4bb3811-5c22-f29e-9627-b11fbabcada5}.Debug|Any CPU.ActiveCfg = Debug|Any CPU
		{b4bb3811-5c22-f29e-9627-b11fbabcada5}.Debug|Any CPU.Build.0 = Debug|Any CPU
		{101100dc-ebc7-62d7-e69d-0d274dddb517}.Debug|Any CPU.ActiveCfg = Debug|Any CPU
		{101100dc-ebc7-62d7-e69d-0d274dddb517}.Debug|Any CPU.Build.0 = Debug|Any CPU
		{02c3a099-dc18-7779-b4e8-fa3cbdb991a8}.Debug|Any CPU.ActiveCfg = Debug|Any CPU
		{02c3a099-dc18-7779-b4e8-fa3cbdb991a8}.Debug|Any CPU.Build.0 = Debug|Any CPU
		{5e521c27-3933-df96-8240-f2c4577bd58c}.Debug|Any CPU.ActiveCfg = Debug|Any CPU
		{5e521c27-3933-df96-8240-f2c4577bd58c}.Debug|Any CPU.Build.0 = Debug|Any CPU
		{70d487dd-3b19-6f72-5204-83e93649f066}.Debug|Any CPU.ActiveCfg = Debug|Any CPU
		{70d487dd-3b19-6f72-5204-83e93649f066}.Debug|Any CPU.Build.0 = Debug|Any CPU
		{26038c9f-9b2d-e12a-25c4-67963c9416d3}.Debug|Any CPU.ActiveCfg = Debug|Any CPU
		{26038c9f-9b2d-e12a-25c4-67963c9416d3}.Debug|Any CPU.Build.0 = Debug|Any CPU
		{4b1eb09d-5c94-98a3-bb36-7e95a6f706c5}.Debug|Any CPU.ActiveCfg = Debug|Any CPU
		{4b1eb09d-5c94-98a3-bb36-7e95a6f706c5}.Debug|Any CPU.Build.0 = Debug|Any CPU
		{3937450a-95d3-79ab-fbdd-d6c1c3314805}.Debug|Any CPU.ActiveCfg = Debug|Any CPU
		{3937450a-95d3-79ab-fbdd-d6c1c3314805}.Debug|Any CPU.Build.0 = Debug|Any CPU
		{073180c0-b215-2fe1-016e-3db5e2908cbe}.Debug|Any CPU.ActiveCfg = Debug|Any CPU
		{073180c0-b215-2fe1-016e-3db5e2908cbe}.Debug|Any CPU.Build.0 = Debug|Any CPU
		{959042e8-8456-afd8-ceb5-3981c55957cb}.Debug|Any CPU.ActiveCfg = Debug|Any CPU
		{959042e8-8456-afd8-ceb5-3981c55957cb}.Debug|Any CPU.Build.0 = Debug|Any CPU
		{ee2ad9cd-3c4b-bcd7-52ce-1320546275e5}.Debug|Any CPU.ActiveCfg = Debug|Any CPU
		{ee2ad9cd-3c4b-bcd7-52ce-1320546275e5}.Debug|Any CPU.Build.0 = Debug|Any CPU
		{3c970bc3-c405-19d1-0b53-310764553ff1}.Debug|Any CPU.ActiveCfg = Debug|Any CPU
		{3c970bc3-c405-19d1-0b53-310764553ff1}.Debug|Any CPU.Build.0 = Debug|Any CPU
		{c09c10f0-c586-d824-96a4-9655c077f7f6}.Debug|Any CPU.ActiveCfg = Debug|Any CPU
		{c09c10f0-c586-d824-96a4-9655c077f7f6}.Debug|Any CPU.Build.0 = Debug|Any CPU
		{11ce6cc7-b068-8171-d432-a631dbdc8d6a}.Debug|Any CPU.ActiveCfg = Debug|Any CPU
		{11ce6cc7-b068-8171-d432-a631dbdc8d6a}.Debug|Any CPU.Build.0 = Debug|Any CPU
		{08e5ea68-81bf-c7f3-fe42-8fa1ef682c6b}.Debug|Any CPU.ActiveCfg = Debug|Any CPU
		{08e5ea68-81bf-c7f3-fe42-8fa1ef682c6b}.Debug|Any CPU.Build.0 = Debug|Any CPU
		{3b670e43-777e-4231-8b21-ad1b8d94a7ec}.Debug|Any CPU.ActiveCfg = Debug|Any CPU
		{3b670e43-777e-4231-8b21-ad1b8d94a7ec}.Debug|Any CPU.Build.0 = Debug|Any CPU
	EndGlobalSection
	GlobalSection(SolutionProperties) = preSolution
		HideSolutionNode = FALSE
	EndGlobalSection
EndGlobal
