
Microsoft Visual Studio Solution File, Format Version 11.00
# Visual Studio 2010
Project("{FAE04EC0-301F-11D3-BF4B-00C04F79EFBC}") = "Unity.Timeline", "Unity.Timeline.csproj", "{847827e8-7b1d-63f6-6082-72f8c180d135}"
EndProject
Project("{FAE04EC0-301F-11D3-BF4B-00C04F79EFBC}") = "Unity.PlasticSCM.Editor", "Unity.PlasticSCM.Editor.csproj", "{0b710691-3341-5eb3-0781-4a963ded6d6a}"
EndProject
Project("{FAE04EC0-301F-11D3-BF4B-00C04F79EFBC}") = "Unity.InputSystem", "Unity.InputSystem.csproj", "{9b31fb0a-f9a7-7393-77d2-a61e1836d876}"
EndProject
Project("{FAE04EC0-301F-11D3-BF4B-00C04F79EFBC}") = "Unity.Services.Core.Internal", "Unity.Services.Core.Internal.csproj", "{d3a36fed-7172-6725-999c-afce6305dc20}"
EndProject
Project("{FAE04EC0-301F-11D3-BF4B-00C04F79EFBC}") = "Unity.Timeline.Editor", "Unity.Timeline.Editor.csproj", "{0cb6dcfc-1c71-25de-221e-49a3e11a54ab}"
EndProject
Project("{FAE04EC0-301F-11D3-BF4B-00C04F79EFBC}") = "UnityEditor.Purchasing", "UnityEditor.Purchasing.csproj", "{ad7e6949-371c-970b-74aa-2141465d9a0b}"
EndProject
Project("{FAE04EC0-301F-11D3-BF4B-00C04F79EFBC}") = "UnityEngine.Purchasing.Stores", "UnityEngine.Purchasing.Stores.csproj", "{48d56374-2acc-52ea-8483-c6dc5fdab4e0}"
EndProject
Project("{FAE04EC0-301F-11D3-BF4B-00C04F79EFBC}") = "Assembly-CSharp", "Assembly-CSharp.csproj", "{1f999260-bd97-374a-cb6e-a6fd92e8122a}"
EndProject
Project("{FAE04EC0-301F-11D3-BF4B-00C04F79EFBC}") = "Unity.Notifications.iOS", "Unity.Notifications.iOS.csproj", "{af2d1617-31a7-f053-9cee-737110f71d3d}"
EndProject
Project("{FAE04EC0-301F-11D3-BF4B-00C04F79EFBC}") = "Unity.Services.Core.Environments.Editor", "Unity.Services.Core.Environments.Editor.csproj", "{01077fb0-bdc9-1814-e523-690f05f31a89}"
EndProject
Project("{FAE04EC0-301F-11D3-BF4B-00C04F79EFBC}") = "UnityEngine.Purchasing", "UnityEngine.Purchasing.csproj", "{7a4b4438-5a73-6da5-e407-405ca9f62700}"
EndProject
Project("{FAE04EC0-301F-11D3-BF4B-00C04F79EFBC}") = "Unity.AI.Navigation.Editor", "Unity.AI.Navigation.Editor.csproj", "{063a8cf8-46f5-3ca4-b81f-744e47fc2a9a}"
EndProject
Project("{FAE04EC0-301F-11D3-BF4B-00C04F79EFBC}") = "Unity.VisualStudio.Editor", "Unity.VisualStudio.Editor.csproj", "{72e126df-0ed8-9e1c-fe87-de66fcdb4de9}"
EndProject
Project("{FAE04EC0-301F-11D3-BF4B-00C04F79EFBC}") = "IAPResolver", "IAPResolver.csproj", "{6e01fbd0-f00c-2877-30cb-7026dfed8763}"
EndProject
Project("{FAE04EC0-301F-11D3-BF4B-00C04F79EFBC}") = "Unity.Rider.Editor", "Unity.Rider.Editor.csproj", "{72e57cb9-171e-7a73-fbc7-8133d393a332}"
EndProject
Project("{FAE04EC0-301F-11D3-BF4B-00C04F79EFBC}") = "Unity.Notifications.Android", "Unity.Notifications.Android.csproj", "{d4bc6bd7-946a-1105-f324-f70b8653d6c7}"
EndProject
Project("{FAE04EC0-301F-11D3-BF4B-00C04F79EFBC}") = "Unity.Services.Core.Configuration", "Unity.Services.Core.Configuration.csproj", "{1cb8028f-f6fc-c3b6-aae3-52fb9de6742b}"
EndProject
Project("{FAE04EC0-301F-11D3-BF4B-00C04F79EFBC}") = "Unity.AI.Navigation.Editor.ConversionSystem", "Unity.AI.Navigation.Editor.ConversionSystem.csproj", "{a7b49a9f-a537-6636-47c3-47d25fd55ad9}"
EndProject
Project("{FAE04EC0-301F-11D3-BF4B-00C04F79EFBC}") = "Unity.Services.Core.Editor", "Unity.Services.Core.Editor.csproj", "{6074008f-6beb-ff21-e334-7d42e25b3ac4}"
EndProject
Project("{FAE04EC0-301F-11D3-BF4B-00C04F79EFBC}") = "Unity.Services.Core.Configuration.Editor", "Unity.Services.Core.Configuration.Editor.csproj", "{431f4d76-361b-d742-7d33-a9c4cee220f7}"
EndProject
Project("{FAE04EC0-301F-11D3-BF4B-00C04F79EFBC}") = "Unity.Services.Core", "Unity.Services.Core.csproj", "{2e86e647-44c6-c0ac-2c5f-d3512e34e26e}"
EndProject
Project("{FAE04EC0-301F-11D3-BF4B-00C04F79EFBC}") = "Unity.AI.Navigation", "Unity.AI.Navigation.csproj", "{1d139a32-2919-90b3-bf11-5f42c2bf0645}"
EndProject
Project("{FAE04EC0-301F-11D3-BF4B-00C04F79EFBC}") = "UnityEngine.Purchasing.AppleMacosStub", "UnityEngine.Purchasing.AppleMacosStub.csproj", "{6fa0e6ae-63dd-d3c5-6ee8-12cd112f4e7e}"
EndProject
Project("{FAE04EC0-301F-11D3-BF4B-00C04F79EFBC}") = "Unity.AI.Navigation.Updater", "Unity.AI.Navigation.Updater.csproj", "{6932ee77-1521-7656-a51f-d80c3e1c1aa0}"
EndProject
Project("{FAE04EC0-301F-11D3-BF4B-00C04F79EFBC}") = "UnityEngine.Purchasing.Codeless", "UnityEngine.Purchasing.Codeless.csproj", "{fa282a87-3cab-e2af-a3ad-1590c59fe934}"
EndProject
Project("{FAE04EC0-301F-11D3-BF4B-00C04F79EFBC}") = "DOTween.Modules", "DOTween.Modules.csproj", "{2e806531-333e-36db-99a7-4bebe2051624}"
EndProject
Project("{FAE04EC0-301F-11D3-BF4B-00C04F79EFBC}") = "Unity.Notifications", "Unity.Notifications.csproj", "{037ef9fe-68fd-319b-8169-51711caa280d}"
EndProject
Project("{FAE04EC0-301F-11D3-BF4B-00C04F79EFBC}") = "Unity.InputSystem.DocCodeSamples", "Unity.InputSystem.DocCodeSamples.csproj", "{1a320ff8-7d50-600f-d1c3-3ddbf270414e}"
EndProject
Project("{FAE04EC0-301F-11D3-BF4B-00C04F79EFBC}") = "UnityEngine.Purchasing.WinRTStub", "UnityEngine.Purchasing.WinRTStub.csproj", "{107bbabf-8265-b129-dcda-ad660f6408c4}"
EndProject
Project("{FAE04EC0-301F-11D3-BF4B-00C04F79EFBC}") = "Assembly-CSharp-Editor", "Assembly-CSharp-Editor.csproj", "{5af984ef-7ac0-6ea7-a59b-39029d4c0a9e}"
EndProject
Project("{FAE04EC0-301F-11D3-BF4B-00C04F79EFBC}") = "Banzai.Json", "Banzai.Json.csproj", "{00bad0dc-4531-ade8-40d4-ec43f6b9a793}"
EndProject
Project("{FAE04EC0-301F-11D3-BF4B-00C04F79EFBC}") = "Unity.Services.Core.Analytics", "Unity.Services.Core.Analytics.csproj", "{72d92623-5795-aed8-4f71-5caa877fec42}"
EndProject
Project("{FAE04EC0-301F-11D3-BF4B-00C04F79EFBC}") = "Unity.Services.Core.Environments.Internal", "Unity.Services.Core.Environments.Internal.csproj", "{f1d0ebe8-54c3-02c8-799e-ef7c0c2ab0ab}"
EndProject
Project("{FAE04EC0-301F-11D3-BF4B-00C04F79EFBC}") = "Unity.Notifications.Unified", "Unity.Notifications.Unified.csproj", "{3731b796-172a-53de-83f1-0159051c2bdf}"
EndProject
Project("{FAE04EC0-301F-11D3-BF4B-00C04F79EFBC}") = "Unity.InputSystem.ForUI", "Unity.InputSystem.ForUI.csproj", "{1c345bff-8354-7d98-eda3-0232fbc405fd}"
EndProject
Project("{FAE04EC0-301F-11D3-BF4B-00C04F79EFBC}") = "Unity.Services.Core.Networking", "Unity.Services.Core.Networking.csproj", "{65eda91e-618b-256a-bada-628b3f0bfa49}"
EndProject
Project("{FAE04EC0-301F-11D3-BF4B-00C04F79EFBC}") = "Unity.Services.Core.Scheduler", "Unity.Services.Core.Scheduler.csproj", "{09a09158-eb1f-3753-4347-bc5d144be7f5}"
EndProject
Project("{FAE04EC0-301F-11D3-BF4B-00C04F79EFBC}") = "UnityEngine.Purchasing.SecurityCore", "UnityEngine.Purchasing.SecurityCore.csproj", "{a9beabac-c0a6-cdfd-89e3-5f07e93152f6}"
EndProject
Project("{FAE04EC0-301F-11D3-BF4B-00C04F79EFBC}") = "Unity.Services.Core.Telemetry", "Unity.Services.Core.Telemetry.csproj", "{ddb6b951-a794-73d8-2bdf-0cce98d1f8e6}"
EndProject
Project("{FAE04EC0-301F-11D3-BF4B-00C04F79EFBC}") = "Unity.CollabProxy.Editor", "Unity.CollabProxy.Editor.csproj", "{93b3edb8-f52f-0aa1-522f-935bed389f9a}"
EndProject
Project("{FAE04EC0-301F-11D3-BF4B-00C04F79EFBC}") = "Unity.Services.Core.Components", "Unity.Services.Core.Components.csproj", "{97ab3353-8c71-913d-09d3-f0b01c6dbfad}"
EndProject
Project("{FAE04EC0-301F-11D3-BF4B-00C04F79EFBC}") = "UnityEngine.Purchasing.WinRTCore", "UnityEngine.Purchasing.WinRTCore.csproj", "{e55b882f-d811-20da-a410-2cd51de6def2}"
EndProject
Project("{FAE04EC0-301F-11D3-BF4B-00C04F79EFBC}") = "Purchasing.Common", "Purchasing.Common.csproj", "{e689d5eb-8aef-1db2-ef3b-58f241d13130}"
EndProject
Project("{FAE04EC0-301F-11D3-BF4B-00C04F79EFBC}") = "Unity.Services.Core.Threading", "Unity.Services.Core.Threading.csproj", "{a798bab8-90dc-95ce-fbcb-95bc6b4e9966}"
EndProject
Project("{FAE04EC0-301F-11D3-BF4B-00C04F79EFBC}") = "Unity.InputSystem.TestFramework", "Unity.InputSystem.TestFramework.csproj", "{e3e149ca-5419-9337-f1a5-8c152fc88140}"
EndProject
Project("{FAE04EC0-301F-11D3-BF4B-00C04F79EFBC}") = "Unity.Services.Core.Device", "Unity.Services.Core.Device.csproj", "{ee3814f1-ba41-eba5-aad5-20114c9fde57}"
EndProject
Project("{FAE04EC0-301F-11D3-BF4B-00C04F79EFBC}") = "UnityEngine.Purchasing.AppleCore", "UnityEngine.Purchasing.AppleCore.csproj", "{87b68eca-ceef-58a0-5eb5-cb743b85a865}"
EndProject
Project("{FAE04EC0-301F-11D3-BF4B-00C04F79EFBC}") = "UnityEngine.Purchasing.AppleStub", "UnityEngine.Purchasing.AppleStub.csproj", "{6a2a9e8a-f0d4-9469-6b68-0e3cca0fde0c}"
EndProject
Project("{FAE04EC0-301F-11D3-BF4B-00C04F79EFBC}") = "UnityEngine.Purchasing.SecurityStub", "UnityEngine.Purchasing.SecurityStub.csproj", "{23fee7e0-d321-eee8-92c7-410f7c46bcef}"
EndProject
Project("{FAE04EC0-301F-11D3-BF4B-00C04F79EFBC}") = "Unity.PlasticSCM.Editor.Entities", "Unity.PlasticSCM.Editor.Entities.csproj", "{8dd205e0-f741-1ff3-758b-4efe26839d24}"
EndProject
Project("{FAE04EC0-301F-11D3-BF4B-00C04F79EFBC}") = "Unity.Services.Core.Registration", "Unity.Services.Core.Registration.csproj", "{fe74768d-980e-2542-aff4-cc5642930b1e}"
EndProject
Project("{FAE04EC0-301F-11D3-BF4B-00C04F79EFBC}") = "Unity.Services.Core.Environments", "Unity.Services.Core.Environments.csproj", "{f9b6cd1b-93f1-5959-c3e6-f4015be7699b}"
EndProject
Project("{FAE04EC0-301F-11D3-BF4B-00C04F79EFBC}") = "Banzai.Routiner", "Banzai.Routiner.csproj", "{0e7289c2-d836-f863-44e3-618c4e2c4de6}"
EndProject
Project("{FAE04EC0-301F-11D3-BF4B-00C04F79EFBC}") = "UnityEngine.Purchasing.WinRT", "UnityEngine.Purchasing.WinRT.csproj", "{769e8e9d-4452-e4e2-6ab2-8f5f40b79a82}"
EndProject
Project("{FAE04EC0-301F-11D3-BF4B-00C04F79EFBC}") = "UnityEngine.Purchasing.Apple", "UnityEngine.Purchasing.Apple.csproj", "{96faff9b-be85-82fa-cbfb-6e1c6acfd9b6}"
EndProject
Project("{FAE04EC0-301F-11D3-BF4B-00C04F79EFBC}") = "Unity.Notifications.Tests", "Unity.Notifications.Tests.csproj", "{442fba10-2829-df5f-4c4d-afb70b7b90c6}"
EndProject
Project("{FAE04EC0-301F-11D3-BF4B-00C04F79EFBC}") = "UnityEngine.Purchasing.Security", "UnityEngine.Purchasing.Security.csproj", "{715fa894-3b17-5eb8-1d0e-3345cc495b81}"
EndProject
Project("{FAE04EC0-301F-11D3-BF4B-00C04F79EFBC}") = "UnityEngine.Purchasing.AppleMacos", "UnityEngine.Purchasing.AppleMacos.csproj", "{c782d925-5f7d-7f7c-58ea-83c1c2698cdd}"
EndProject
Project("{FAE04EC0-301F-11D3-BF4B-00C04F79EFBC}") = "DocCodeExamples", "DocCodeExamples.csproj", "{00d8ff24-397d-eaea-d80f-a4f8516452bf}"
EndProject
Project("{FAE04EC0-301F-11D3-BF4B-00C04F79EFBC}") = "Unity.Android.Notifications.Tests", "Unity.Android.Notifications.Tests.csproj", "{953eec2c-5acc-2693-70f1-659125f6fad5}"
EndProject
Project("{FAE04EC0-301F-11D3-BF4B-00C04F79EFBC}") = "Unity.iOS.Notifications.Tests", "Unity.iOS.Notifications.Tests.csproj", "{72580545-7913-2523-8ba2-56974a3c9485}"
EndProject
Project("{FAE04EC0-301F-11D3-BF4B-00C04F79EFBC}") = "Unity.InputSystem.IntegrationTests", "Unity.InputSystem.IntegrationTests.csproj", "{571bd13b-435c-fc55-c448-e1026874824b}"
EndProject
Project("{FAE04EC0-301F-11D3-BF4B-00C04F79EFBC}") = "Unity.Notifications.Unified.Tests", "Unity.Notifications.Unified.Tests.csproj", "{fe8f3e9d-e398-773d-c07d-a4b906057588}"
EndProject
Project("{FAE04EC0-301F-11D3-BF4B-00C04F79EFBC}") = "Assembly-CSharp-firstpass", "Assembly-CSharp-firstpass.csproj", "{7f290945-679f-00ed-7d84-b095bd91dab7}"
EndProject
Global
	GlobalSection(SolutionConfigurationPlatforms) = preSolution
		Debug|Any CPU = Debug|Any CPU
	EndGlobalSection
	GlobalSection(ProjectConfigurationPlatforms) = postSolution
		{847827e8-7b1d-63f6-6082-72f8c180d135}.Debug|Any CPU.ActiveCfg = Debug|Any CPU
		{847827e8-7b1d-63f6-6082-72f8c180d135}.Debug|Any CPU.Build.0 = Debug|Any CPU
		{0b710691-3341-5eb3-0781-4a963ded6d6a}.Debug|Any CPU.ActiveCfg = Debug|Any CPU
		{0b710691-3341-5eb3-0781-4a963ded6d6a}.Debug|Any CPU.Build.0 = Debug|Any CPU
		{9b31fb0a-f9a7-7393-77d2-a61e1836d876}.Debug|Any CPU.ActiveCfg = Debug|Any CPU
		{9b31fb0a-f9a7-7393-77d2-a61e1836d876}.Debug|Any CPU.Build.0 = Debug|Any CPU
		{d3a36fed-7172-6725-999c-afce6305dc20}.Debug|Any CPU.ActiveCfg = Debug|Any CPU
		{d3a36fed-7172-6725-999c-afce6305dc20}.Debug|Any CPU.Build.0 = Debug|Any CPU
		{0cb6dcfc-1c71-25de-221e-49a3e11a54ab}.Debug|Any CPU.ActiveCfg = Debug|Any CPU
		{0cb6dcfc-1c71-25de-221e-49a3e11a54ab}.Debug|Any CPU.Build.0 = Debug|Any CPU
		{ad7e6949-371c-970b-74aa-2141465d9a0b}.Debug|Any CPU.ActiveCfg = Debug|Any CPU
		{ad7e6949-371c-970b-74aa-2141465d9a0b}.Debug|Any CPU.Build.0 = Debug|Any CPU
		{48d56374-2acc-52ea-8483-c6dc5fdab4e0}.Debug|Any CPU.ActiveCfg = Debug|Any CPU
		{48d56374-2acc-52ea-8483-c6dc5fdab4e0}.Debug|Any CPU.Build.0 = Debug|Any CPU
		{1f999260-bd97-374a-cb6e-a6fd92e8122a}.Debug|Any CPU.ActiveCfg = Debug|Any CPU
		{1f999260-bd97-374a-cb6e-a6fd92e8122a}.Debug|Any CPU.Build.0 = Debug|Any CPU
		{af2d1617-31a7-f053-9cee-737110f71d3d}.Debug|Any CPU.ActiveCfg = Debug|Any CPU
		{af2d1617-31a7-f053-9cee-737110f71d3d}.Debug|Any CPU.Build.0 = Debug|Any CPU
		{01077fb0-bdc9-1814-e523-690f05f31a89}.Debug|Any CPU.ActiveCfg = Debug|Any CPU
		{01077fb0-bdc9-1814-e523-690f05f31a89}.Debug|Any CPU.Build.0 = Debug|Any CPU
		{7a4b4438-5a73-6da5-e407-405ca9f62700}.Debug|Any CPU.ActiveCfg = Debug|Any CPU
		{7a4b4438-5a73-6da5-e407-405ca9f62700}.Debug|Any CPU.Build.0 = Debug|Any CPU
		{063a8cf8-46f5-3ca4-b81f-744e47fc2a9a}.Debug|Any CPU.ActiveCfg = Debug|Any CPU
		{063a8cf8-46f5-3ca4-b81f-744e47fc2a9a}.Debug|Any CPU.Build.0 = Debug|Any CPU
		{72e126df-0ed8-9e1c-fe87-de66fcdb4de9}.Debug|Any CPU.ActiveCfg = Debug|Any CPU
		{72e126df-0ed8-9e1c-fe87-de66fcdb4de9}.Debug|Any CPU.Build.0 = Debug|Any CPU
		{6e01fbd0-f00c-2877-30cb-7026dfed8763}.Debug|Any CPU.ActiveCfg = Debug|Any CPU
		{6e01fbd0-f00c-2877-30cb-7026dfed8763}.Debug|Any CPU.Build.0 = Debug|Any CPU
		{72e57cb9-171e-7a73-fbc7-8133d393a332}.Debug|Any CPU.ActiveCfg = Debug|Any CPU
		{72e57cb9-171e-7a73-fbc7-8133d393a332}.Debug|Any CPU.Build.0 = Debug|Any CPU
		{d4bc6bd7-946a-1105-f324-f70b8653d6c7}.Debug|Any CPU.ActiveCfg = Debug|Any CPU
		{d4bc6bd7-946a-1105-f324-f70b8653d6c7}.Debug|Any CPU.Build.0 = Debug|Any CPU
		{1cb8028f-f6fc-c3b6-aae3-52fb9de6742b}.Debug|Any CPU.ActiveCfg = Debug|Any CPU
		{1cb8028f-f6fc-c3b6-aae3-52fb9de6742b}.Debug|Any CPU.Build.0 = Debug|Any CPU
		{a7b49a9f-a537-6636-47c3-47d25fd55ad9}.Debug|Any CPU.ActiveCfg = Debug|Any CPU
		{a7b49a9f-a537-6636-47c3-47d25fd55ad9}.Debug|Any CPU.Build.0 = Debug|Any CPU
		{6074008f-6beb-ff21-e334-7d42e25b3ac4}.Debug|Any CPU.ActiveCfg = Debug|Any CPU
		{6074008f-6beb-ff21-e334-7d42e25b3ac4}.Debug|Any CPU.Build.0 = Debug|Any CPU
		{431f4d76-361b-d742-7d33-a9c4cee220f7}.Debug|Any CPU.ActiveCfg = Debug|Any CPU
		{431f4d76-361b-d742-7d33-a9c4cee220f7}.Debug|Any CPU.Build.0 = Debug|Any CPU
		{2e86e647-44c6-c0ac-2c5f-d3512e34e26e}.Debug|Any CPU.ActiveCfg = Debug|Any CPU
		{2e86e647-44c6-c0ac-2c5f-d3512e34e26e}.Debug|Any CPU.Build.0 = Debug|Any CPU
		{1d139a32-2919-90b3-bf11-5f42c2bf0645}.Debug|Any CPU.ActiveCfg = Debug|Any CPU
		{1d139a32-2919-90b3-bf11-5f42c2bf0645}.Debug|Any CPU.Build.0 = Debug|Any CPU
		{6fa0e6ae-63dd-d3c5-6ee8-12cd112f4e7e}.Debug|Any CPU.ActiveCfg = Debug|Any CPU
		{6fa0e6ae-63dd-d3c5-6ee8-12cd112f4e7e}.Debug|Any CPU.Build.0 = Debug|Any CPU
		{6932ee77-1521-7656-a51f-d80c3e1c1aa0}.Debug|Any CPU.ActiveCfg = Debug|Any CPU
		{6932ee77-1521-7656-a51f-d80c3e1c1aa0}.Debug|Any CPU.Build.0 = Debug|Any CPU
		{fa282a87-3cab-e2af-a3ad-1590c59fe934}.Debug|Any CPU.ActiveCfg = Debug|Any CPU
		{fa282a87-3cab-e2af-a3ad-1590c59fe934}.Debug|Any CPU.Build.0 = Debug|Any CPU
		{2e806531-333e-36db-99a7-4bebe2051624}.Debug|Any CPU.ActiveCfg = Debug|Any CPU
		{2e806531-333e-36db-99a7-4bebe2051624}.Debug|Any CPU.Build.0 = Debug|Any CPU
		{037ef9fe-68fd-319b-8169-51711caa280d}.Debug|Any CPU.ActiveCfg = Debug|Any CPU
		{037ef9fe-68fd-319b-8169-51711caa280d}.Debug|Any CPU.Build.0 = Debug|Any CPU
		{1a320ff8-7d50-600f-d1c3-3ddbf270414e}.Debug|Any CPU.ActiveCfg = Debug|Any CPU
		{1a320ff8-7d50-600f-d1c3-3ddbf270414e}.Debug|Any CPU.Build.0 = Debug|Any CPU
		{107bbabf-8265-b129-dcda-ad660f6408c4}.Debug|Any CPU.ActiveCfg = Debug|Any CPU
		{107bbabf-8265-b129-dcda-ad660f6408c4}.Debug|Any CPU.Build.0 = Debug|Any CPU
		{5af984ef-7ac0-6ea7-a59b-39029d4c0a9e}.Debug|Any CPU.ActiveCfg = Debug|Any CPU
		{5af984ef-7ac0-6ea7-a59b-39029d4c0a9e}.Debug|Any CPU.Build.0 = Debug|Any CPU
		{00bad0dc-4531-ade8-40d4-ec43f6b9a793}.Debug|Any CPU.ActiveCfg = Debug|Any CPU
		{00bad0dc-4531-ade8-40d4-ec43f6b9a793}.Debug|Any CPU.Build.0 = Debug|Any CPU
		{72d92623-5795-aed8-4f71-5caa877fec42}.Debug|Any CPU.ActiveCfg = Debug|Any CPU
		{72d92623-5795-aed8-4f71-5caa877fec42}.Debug|Any CPU.Build.0 = Debug|Any CPU
		{f1d0ebe8-54c3-02c8-799e-ef7c0c2ab0ab}.Debug|Any CPU.ActiveCfg = Debug|Any CPU
		{f1d0ebe8-54c3-02c8-799e-ef7c0c2ab0ab}.Debug|Any CPU.Build.0 = Debug|Any CPU
		{3731b796-172a-53de-83f1-0159051c2bdf}.Debug|Any CPU.ActiveCfg = Debug|Any CPU
		{3731b796-172a-53de-83f1-0159051c2bdf}.Debug|Any CPU.Build.0 = Debug|Any CPU
		{1c345bff-8354-7d98-eda3-0232fbc405fd}.Debug|Any CPU.ActiveCfg = Debug|Any CPU
		{1c345bff-8354-7d98-eda3-0232fbc405fd}.Debug|Any CPU.Build.0 = Debug|Any CPU
		{65eda91e-618b-256a-bada-628b3f0bfa49}.Debug|Any CPU.ActiveCfg = Debug|Any CPU
		{65eda91e-618b-256a-bada-628b3f0bfa49}.Debug|Any CPU.Build.0 = Debug|Any CPU
		{09a09158-eb1f-3753-4347-bc5d144be7f5}.Debug|Any CPU.ActiveCfg = Debug|Any CPU
		{09a09158-eb1f-3753-4347-bc5d144be7f5}.Debug|Any CPU.Build.0 = Debug|Any CPU
		{a9beabac-c0a6-cdfd-89e3-5f07e93152f6}.Debug|Any CPU.ActiveCfg = Debug|Any CPU
		{a9beabac-c0a6-cdfd-89e3-5f07e93152f6}.Debug|Any CPU.Build.0 = Debug|Any CPU
		{ddb6b951-a794-73d8-2bdf-0cce98d1f8e6}.Debug|Any CPU.ActiveCfg = Debug|Any CPU
		{ddb6b951-a794-73d8-2bdf-0cce98d1f8e6}.Debug|Any CPU.Build.0 = Debug|Any CPU
		{93b3edb8-f52f-0aa1-522f-935bed389f9a}.Debug|Any CPU.ActiveCfg = Debug|Any CPU
		{93b3edb8-f52f-0aa1-522f-935bed389f9a}.Debug|Any CPU.Build.0 = Debug|Any CPU
		{97ab3353-8c71-913d-09d3-f0b01c6dbfad}.Debug|Any CPU.ActiveCfg = Debug|Any CPU
		{97ab3353-8c71-913d-09d3-f0b01c6dbfad}.Debug|Any CPU.Build.0 = Debug|Any CPU
		{e55b882f-d811-20da-a410-2cd51de6def2}.Debug|Any CPU.ActiveCfg = Debug|Any CPU
		{e55b882f-d811-20da-a410-2cd51de6def2}.Debug|Any CPU.Build.0 = Debug|Any CPU
		{e689d5eb-8aef-1db2-ef3b-58f241d13130}.Debug|Any CPU.ActiveCfg = Debug|Any CPU
		{e689d5eb-8aef-1db2-ef3b-58f241d13130}.Debug|Any CPU.Build.0 = Debug|Any CPU
		{a798bab8-90dc-95ce-fbcb-95bc6b4e9966}.Debug|Any CPU.ActiveCfg = Debug|Any CPU
		{a798bab8-90dc-95ce-fbcb-95bc6b4e9966}.Debug|Any CPU.Build.0 = Debug|Any CPU
		{e3e149ca-5419-9337-f1a5-8c152fc88140}.Debug|Any CPU.ActiveCfg = Debug|Any CPU
		{e3e149ca-5419-9337-f1a5-8c152fc88140}.Debug|Any CPU.Build.0 = Debug|Any CPU
		{ee3814f1-ba41-eba5-aad5-20114c9fde57}.Debug|Any CPU.ActiveCfg = Debug|Any CPU
		{ee3814f1-ba41-eba5-aad5-20114c9fde57}.Debug|Any CPU.Build.0 = Debug|Any CPU
		{87b68eca-ceef-58a0-5eb5-cb743b85a865}.Debug|Any CPU.ActiveCfg = Debug|Any CPU
		{87b68eca-ceef-58a0-5eb5-cb743b85a865}.Debug|Any CPU.Build.0 = Debug|Any CPU
		{6a2a9e8a-f0d4-9469-6b68-0e3cca0fde0c}.Debug|Any CPU.ActiveCfg = Debug|Any CPU
		{6a2a9e8a-f0d4-9469-6b68-0e3cca0fde0c}.Debug|Any CPU.Build.0 = Debug|Any CPU
		{23fee7e0-d321-eee8-92c7-410f7c46bcef}.Debug|Any CPU.ActiveCfg = Debug|Any CPU
		{23fee7e0-d321-eee8-92c7-410f7c46bcef}.Debug|Any CPU.Build.0 = Debug|Any CPU
		{8dd205e0-f741-1ff3-758b-4efe26839d24}.Debug|Any CPU.ActiveCfg = Debug|Any CPU
		{8dd205e0-f741-1ff3-758b-4efe26839d24}.Debug|Any CPU.Build.0 = Debug|Any CPU
		{fe74768d-980e-2542-aff4-cc5642930b1e}.Debug|Any CPU.ActiveCfg = Debug|Any CPU
		{fe74768d-980e-2542-aff4-cc5642930b1e}.Debug|Any CPU.Build.0 = Debug|Any CPU
		{f9b6cd1b-93f1-5959-c3e6-f4015be7699b}.Debug|Any CPU.ActiveCfg = Debug|Any CPU
		{f9b6cd1b-93f1-5959-c3e6-f4015be7699b}.Debug|Any CPU.Build.0 = Debug|Any CPU
		{0e7289c2-d836-f863-44e3-618c4e2c4de6}.Debug|Any CPU.ActiveCfg = Debug|Any CPU
		{0e7289c2-d836-f863-44e3-618c4e2c4de6}.Debug|Any CPU.Build.0 = Debug|Any CPU
		{769e8e9d-4452-e4e2-6ab2-8f5f40b79a82}.Debug|Any CPU.ActiveCfg = Debug|Any CPU
		{769e8e9d-4452-e4e2-6ab2-8f5f40b79a82}.Debug|Any CPU.Build.0 = Debug|Any CPU
		{96faff9b-be85-82fa-cbfb-6e1c6acfd9b6}.Debug|Any CPU.ActiveCfg = Debug|Any CPU
		{96faff9b-be85-82fa-cbfb-6e1c6acfd9b6}.Debug|Any CPU.Build.0 = Debug|Any CPU
		{442fba10-2829-df5f-4c4d-afb70b7b90c6}.Debug|Any CPU.ActiveCfg = Debug|Any CPU
		{442fba10-2829-df5f-4c4d-afb70b7b90c6}.Debug|Any CPU.Build.0 = Debug|Any CPU
		{715fa894-3b17-5eb8-1d0e-3345cc495b81}.Debug|Any CPU.ActiveCfg = Debug|Any CPU
		{715fa894-3b17-5eb8-1d0e-3345cc495b81}.Debug|Any CPU.Build.0 = Debug|Any CPU
		{c782d925-5f7d-7f7c-58ea-83c1c2698cdd}.Debug|Any CPU.ActiveCfg = Debug|Any CPU
		{c782d925-5f7d-7f7c-58ea-83c1c2698cdd}.Debug|Any CPU.Build.0 = Debug|Any CPU
		{00d8ff24-397d-eaea-d80f-a4f8516452bf}.Debug|Any CPU.ActiveCfg = Debug|Any CPU
		{00d8ff24-397d-eaea-d80f-a4f8516452bf}.Debug|Any CPU.Build.0 = Debug|Any CPU
		{953eec2c-5acc-2693-70f1-659125f6fad5}.Debug|Any CPU.ActiveCfg = Debug|Any CPU
		{953eec2c-5acc-2693-70f1-659125f6fad5}.Debug|Any CPU.Build.0 = Debug|Any CPU
		{72580545-7913-2523-8ba2-56974a3c9485}.Debug|Any CPU.ActiveCfg = Debug|Any CPU
		{72580545-7913-2523-8ba2-56974a3c9485}.Debug|Any CPU.Build.0 = Debug|Any CPU
		{571bd13b-435c-fc55-c448-e1026874824b}.Debug|Any CPU.ActiveCfg = Debug|Any CPU
		{571bd13b-435c-fc55-c448-e1026874824b}.Debug|Any CPU.Build.0 = Debug|Any CPU
		{fe8f3e9d-e398-773d-c07d-a4b906057588}.Debug|Any CPU.ActiveCfg = Debug|Any CPU
		{fe8f3e9d-e398-773d-c07d-a4b906057588}.Debug|Any CPU.Build.0 = Debug|Any CPU
		{7f290945-679f-00ed-7d84-b095bd91dab7}.Debug|Any CPU.ActiveCfg = Debug|Any CPU
		{7f290945-679f-00ed-7d84-b095bd91dab7}.Debug|Any CPU.Build.0 = Debug|Any CPU
	EndGlobalSection
	GlobalSection(SolutionProperties) = preSolution
		HideSolutionNode = FALSE
	EndGlobalSection
EndGlobal
